
Microsoft Visual Studio Solution File, Format Version 12.00
# Visual Studio 15
VisualStudioVersion = 15.0.28307.271
MinimumVisualStudioVersion = 10.0.40219.1
Project("{FAE04EC0-301F-11D3-BF4B-00C04F79EFBC}") = "SP19.P02.Tests", "SP19.P02.Tests\SP19.P02.Tests.csproj", "{D7E130A7-7900-47D5-9CA8-02C7C5045665}"
EndProject
Project("{FAE04EC0-301F-11D3-BF4B-00C04F79EFBC}") = "SP19.P2.Web", "SP19.P2.Web\SP19.P2.Web.csproj", "{FC997304-2A0B-46F5-8A9E-95DA2BCC638E}"
EndProject
Global
	GlobalSection(SolutionConfigurationPlatforms) = preSolution
		Debug|Any CPU = Debug|Any CPU
		Release|Any CPU = Release|Any CPU
	EndGlobalSection
	GlobalSection(ProjectConfigurationPlatforms) = postSolution
		{D7E130A7-7900-47D5-9CA8-02C7C5045665}.Debug|Any CPU.ActiveCfg = Debug|Any CPU
		{D7E130A7-7900-47D5-9CA8-02C7C5045665}.Debug|Any CPU.Build.0 = Debug|Any CPU
		{D7E130A7-7900-47D5-9CA8-02C7C5045665}.Release|Any CPU.ActiveCfg = Release|Any CPU
		{D7E130A7-7900-47D5-9CA8-02C7C5045665}.Release|Any CPU.Build.0 = Release|Any CPU
		{FC997304-2A0B-46F5-8A9E-95DA2BCC638E}.Debug|Any CPU.ActiveCfg = Debug|Any CPU
		{FC997304-2A0B-46F5-8A9E-95DA2BCC638E}.Debug|Any CPU.Build.0 = Debug|Any CPU
		{FC997304-2A0B-46F5-8A9E-95DA2BCC638E}.Release|Any CPU.ActiveCfg = Release|Any CPU
		{FC997304-2A0B-46F5-8A9E-95DA2BCC638E}.Release|Any CPU.Build.0 = Release|Any CPU
	EndGlobalSection
	GlobalSection(SolutionProperties) = preSolution
		HideSolutionNode = FALSE
	EndGlobalSection
	GlobalSection(ExtensibilityGlobals) = postSolution
		SolutionGuid = {3FF0FCB7-5806-4E2D-8DAD-D488B2FFAFB8}
	EndGlobalSection
EndGlobal
